
Microsoft Visual Studio Solution File, Format Version 12.00
# Visual Studio Version 16
VisualStudioVersion = 16.0.30114.105
MinimumVisualStudioVersion = 10.0.40219.1
Project("{FAE04EC0-301F-11D3-BF4B-00C04F79EFBC}") = "service-rinexmetadatacontroller", "service-rinexmetadatacontroller\service-rinexmetadatacontroller.csproj", "{F614D293-4948-44A4-9D26-BC01B5CB6819}"
EndProject
Global
	GlobalSection(SolutionConfigurationPlatforms) = preSolution
		Debug|Any CPU = Debug|Any CPU
		Release|Any CPU = Release|Any CPU
	EndGlobalSection
	GlobalSection(ProjectConfigurationPlatforms) = postSolution
		{F614D293-4948-44A4-9D26-BC01B5CB6819}.Debug|Any CPU.ActiveCfg = Debug|Any CPU
		{F614D293-4948-44A4-9D26-BC01B5CB6819}.Debug|Any CPU.Build.0 = Debug|Any CPU
		{F614D293-4948-44A4-9D26-BC01B5CB6819}.Release|Any CPU.ActiveCfg = Release|Any CPU
		{F614D293-4948-44A4-9D26-BC01B5CB6819}.Release|Any CPU.Build.0 = Release|Any CPU
	EndGlobalSection
	GlobalSection(SolutionProperties) = preSolution
		HideSolutionNode = FALSE
	EndGlobalSection
	GlobalSection(ExtensibilityGlobals) = postSolution
		SolutionGuid = {33FEA84D-C8E2-4EA7-9C51-CA749E3DF3CE}
	EndGlobalSection
EndGlobal
